
Microsoft Visual Studio Solution File, Format Version 12.00
# Visual Studio 15
VisualStudioVersion = 15.0.26730.10
MinimumVisualStudioVersion = 10.0.40219.1
Project("{FAE04EC0-301F-11D3-BF4B-00C04F79EFBC}") = "MediaGetCore", "MediaGetCore\MediaGetCore.csproj", "{025FBAA6-32E7-4D03-84ED-9F5FE79CF309}"
EndProject
Project("{FAE04EC0-301F-11D3-BF4B-00C04F79EFBC}") = "MediaGetCore.Test", "MediaGetCore.Test\MediaGetCore.Test.csproj", "{95163777-2712-4574-B880-4BAEB865053C}"
EndProject
Global
	GlobalSection(SolutionConfigurationPlatforms) = preSolution
		Debug|Any CPU = Debug|Any CPU
		Release|Any CPU = Release|Any CPU
	EndGlobalSection
	GlobalSection(ProjectConfigurationPlatforms) = postSolution
		{025FBAA6-32E7-4D03-84ED-9F5FE79CF309}.Debug|Any CPU.ActiveCfg = Debug|Any CPU
		{025FBAA6-32E7-4D03-84ED-9F5FE79CF309}.Debug|Any CPU.Build.0 = Debug|Any CPU
		{025FBAA6-32E7-4D03-84ED-9F5FE79CF309}.Release|Any CPU.ActiveCfg = Release|Any CPU
		{025FBAA6-32E7-4D03-84ED-9F5FE79CF309}.Release|Any CPU.Build.0 = Release|Any CPU
		{95163777-2712-4574-B880-4BAEB865053C}.Debug|Any CPU.ActiveCfg = Debug|Any CPU
		{95163777-2712-4574-B880-4BAEB865053C}.Debug|Any CPU.Build.0 = Debug|Any CPU
		{95163777-2712-4574-B880-4BAEB865053C}.Release|Any CPU.ActiveCfg = Release|Any CPU
		{95163777-2712-4574-B880-4BAEB865053C}.Release|Any CPU.Build.0 = Release|Any CPU
	EndGlobalSection
	GlobalSection(SolutionProperties) = preSolution
		HideSolutionNode = FALSE
	EndGlobalSection
	GlobalSection(ExtensibilityGlobals) = postSolution
		SolutionGuid = {A3B08144-ADA7-404C-82A6-E4A05F7469FF}
	EndGlobalSection
EndGlobal
