
Microsoft Visual Studio Solution File, Format Version 12.00
# Visual Studio 15
VisualStudioVersion = 15.0.26730.10
MinimumVisualStudioVersion = 10.0.40219.1
Project("{9A19103F-16F7-4668-BE54-9A1E7A4F7556}") = "MediaGetCore", "MediaGetCore\MediaGetCore.csproj", "{025FBAA6-32E7-4D03-84ED-9F5FE79CF309}"
EndProject
Project("{9A19103F-16F7-4668-BE54-9A1E7A4F7556}") = "MediaGetCore.Test", "MediaGetCore.Test\MediaGetCore.Test.csproj", "{95163777-2712-4574-B880-4BAEB865053C}"
EndProject
Project("{2150E333-8FDC-42A3-9474-1A3956D46DE8}") = "Solution Items", "Solution Items", "{9F4C636B-46B6-4657-BB82-DDF77BAE082D}"
	ProjectSection(SolutionItems) = preProject
		LICENSE = LICENSE
		README.md = README.md
	EndProjectSection
EndProject
Global
	GlobalSection(SolutionConfigurationPlatforms) = preSolution
		Debug|Any CPU = Debug|Any CPU
		Release|Any CPU = Release|Any CPU
	EndGlobalSection
	GlobalSection(ProjectConfigurationPlatforms) = postSolution
		{025FBAA6-32E7-4D03-84ED-9F5FE79CF309}.Debug|Any CPU.ActiveCfg = Debug|Any CPU
		{025FBAA6-32E7-4D03-84ED-9F5FE79CF309}.Debug|Any CPU.Build.0 = Debug|Any CPU
		{025FBAA6-32E7-4D03-84ED-9F5FE79CF309}.Release|Any CPU.ActiveCfg = Release|Any CPU
		{025FBAA6-32E7-4D03-84ED-9F5FE79CF309}.Release|Any CPU.Build.0 = Release|Any CPU
		{95163777-2712-4574-B880-4BAEB865053C}.Debug|Any CPU.ActiveCfg = Debug|Any CPU
		{95163777-2712-4574-B880-4BAEB865053C}.Debug|Any CPU.Build.0 = Debug|Any CPU
		{95163777-2712-4574-B880-4BAEB865053C}.Release|Any CPU.ActiveCfg = Release|Any CPU
		{95163777-2712-4574-B880-4BAEB865053C}.Release|Any CPU.Build.0 = Release|Any CPU
	EndGlobalSection
	GlobalSection(SolutionProperties) = preSolution
		HideSolutionNode = FALSE
	EndGlobalSection
	GlobalSection(ExtensibilityGlobals) = postSolution
		SolutionGuid = {A3B08144-ADA7-404C-82A6-E4A05F7469FF}
	EndGlobalSection
EndGlobal
